// !$*UTF8*$!
{
	archiveVersion = 1;
	classes = {
	};
	objectVersion = 55;
	objects = {

/* Begin PBXBuildFile section */
		03C57D9329B8AF7D00F7CD73 /* TimeData.swift in Sources */ = {isa = PBXBuildFile; fileRef = 03C57D9229B8AF7D00F7CD73 /* TimeData.swift */; };
		03C57D9529B8AFA200F7CD73 /* FlightTime.swift in Sources */ = {isa = PBXBuildFile; fileRef = 03C57D9429B8AFA200F7CD73 /* FlightTime.swift */; };
		03C57D9729B8AFF300F7CD73 /* Flight.swift in Sources */ = {isa = PBXBuildFile; fileRef = 03C57D9629B8AFF300F7CD73 /* Flight.swift */; };
		03C57D9929B8B00900F7CD73 /* FlightInfo.swift in Sources */ = {isa = PBXBuildFile; fileRef = 03C57D9829B8B00900F7CD73 /* FlightInfo.swift */; };
		03C57D9B29B8B01600F7CD73 /* FlightRequest.swift in Sources */ = {isa = PBXBuildFile; fileRef = 03C57D9A29B8B01600F7CD73 /* FlightRequest.swift */; };
		03C57D9D29B8B02800F7CD73 /* ApiResult.swift in Sources */ = {isa = PBXBuildFile; fileRef = 03C57D9C29B8B02800F7CD73 /* ApiResult.swift */; };
		03E9913129B8B4D6002C0C21 /* .swiftlint.yml in Resources */ = {isa = PBXBuildFile; fileRef = 03E9913029B8B4D6002C0C21 /* .swiftlint.yml */; };
		9B0E8562283A85DB00114FF4 /* wakeUpThereApp.swift in Sources */ = {isa = PBXBuildFile; fileRef = 9B0E8561283A85DB00114FF4 /* wakeUpThereApp.swift */; };
		9B0E8566283A85E400114FF4 /* Assets.xcassets in Resources */ = {isa = PBXBuildFile; fileRef = 9B0E8565283A85E400114FF4 /* Assets.xcassets */; };
		9B0E8569283A85E400114FF4 /* Preview Assets.xcassets in Resources */ = {isa = PBXBuildFile; fileRef = 9B0E8568283A85E400114FF4 /* Preview Assets.xcassets */; };
		9B0E8578283AA5E000114FF4 /* SelectView.swift in Sources */ = {isa = PBXBuildFile; fileRef = 9B0E8577283AA5E000114FF4 /* SelectView.swift */; };
		9B4419E12845AD5B0046FC9E /* PositionLocator.swift in Sources */ = {isa = PBXBuildFile; fileRef = 9B4419E02845AD5A0046FC9E /* PositionLocator.swift */; };
		9B49ABA62893544300F35B54 /* TextFormatter.swift in Sources */ = {isa = PBXBuildFile; fileRef = 9B49ABA52893544200F35B54 /* TextFormatter.swift */; };
		9B5BEF7C286FCB2900BA6326 /* DistanceSelectionView.swift in Sources */ = {isa = PBXBuildFile; fileRef = 9B5BEF7B286FCB2900BA6326 /* DistanceSelectionView.swift */; };
		9B5BEF802873448A00BA6326 /* NotificationController.swift in Sources */ = {isa = PBXBuildFile; fileRef = 9B5BEF7F2873448A00BA6326 /* NotificationController.swift */; };
		9B7A36E428600A76006C721F /* SuggestionView.swift in Sources */ = {isa = PBXBuildFile; fileRef = 9B7A36E328600A76006C721F /* SuggestionView.swift */; };
		9B83CF07288B880000B6C5F1 /* Enums.swift in Sources */ = {isa = PBXBuildFile; fileRef = 9B83CF06288B880000B6C5F1 /* Enums.swift */; };
		9B8572872889A8F7008905FC /* TimerModel.swift in Sources */ = {isa = PBXBuildFile; fileRef = 9B8572862889A8F7008905FC /* TimerModel.swift */; };
		9B88E8452852DEE50015A024 /* DestinationView.swift in Sources */ = {isa = PBXBuildFile; fileRef = 9B88E8442852DEE50015A024 /* DestinationView.swift */; };
		9B8F62032881084500972A3A /* FlightData.swift in Sources */ = {isa = PBXBuildFile; fileRef = 9B8F62022881084500972A3A /* FlightData.swift */; };
		9B8F620528862B3500972A3A /* TravelModel.swift in Sources */ = {isa = PBXBuildFile; fileRef = 9B8F620428862B3400972A3A /* TravelModel.swift */; };
		9B9ED3C52856DDAA0091181A /* LocationServise.swift in Sources */ = {isa = PBXBuildFile; fileRef = 9B9ED3C42856DDA90091181A /* LocationServise.swift */; };
		9BB35CB9284BFA3C0034FAB3 /* TransportView.swift in Sources */ = {isa = PBXBuildFile; fileRef = 9BB35CB8284BFA3B0034FAB3 /* TransportView.swift */; };
		9BB35CBD284C0DC90034FAB3 /* MapView.swift in Sources */ = {isa = PBXBuildFile; fileRef = 9BB35CBC284C0DC90034FAB3 /* MapView.swift */; };
		9BDC6E99288AFBB4008594B0 /* AlertView.swift in Sources */ = {isa = PBXBuildFile; fileRef = 9BDC6E98288AFBB3008594B0 /* AlertView.swift */; };
		9BEFC125286DE2AD005D22AD /* SoundManager.swift in Sources */ = {isa = PBXBuildFile; fileRef = 9BEFC124286DE2AD005D22AD /* SoundManager.swift */; };
		9BEFC128286DEE61005D22AD /* bell.mp3 in Resources */ = {isa = PBXBuildFile; fileRef = 9BEFC127286DEE61005D22AD /* bell.mp3 */; };
		C57B2BDF29BB187B00A40BB1 /* Constants.swift in Sources */ = {isa = PBXBuildFile; fileRef = C57B2BDE29BB187B00A40BB1 /* Constants.swift */; };
		C581110529BBE8E100AC9036 /* BackgroundMap.swift in Sources */ = {isa = PBXBuildFile; fileRef = C581110429BBE8E100AC9036 /* BackgroundMap.swift */; };
		C5F1B47C29D657560031446D /* BackgroundMapCoordinator.swift in Sources */ = {isa = PBXBuildFile; fileRef = C5F1B47B29D657560031446D /* BackgroundMapCoordinator.swift */; };
/* End PBXBuildFile section */

/* Begin PBXFileReference section */
		03C57D9229B8AF7D00F7CD73 /* TimeData.swift */ = {isa = PBXFileReference; lastKnownFileType = sourcecode.swift; path = TimeData.swift; sourceTree = "<group>"; };
		03C57D9429B8AFA200F7CD73 /* FlightTime.swift */ = {isa = PBXFileReference; lastKnownFileType = sourcecode.swift; path = FlightTime.swift; sourceTree = "<group>"; };
		03C57D9629B8AFF300F7CD73 /* Flight.swift */ = {isa = PBXFileReference; lastKnownFileType = sourcecode.swift; path = Flight.swift; sourceTree = "<group>"; };
		03C57D9829B8B00900F7CD73 /* FlightInfo.swift */ = {isa = PBXFileReference; lastKnownFileType = sourcecode.swift; path = FlightInfo.swift; sourceTree = "<group>"; };
		03C57D9A29B8B01600F7CD73 /* FlightRequest.swift */ = {isa = PBXFileReference; lastKnownFileType = sourcecode.swift; path = FlightRequest.swift; sourceTree = "<group>"; };
		03C57D9C29B8B02800F7CD73 /* ApiResult.swift */ = {isa = PBXFileReference; lastKnownFileType = sourcecode.swift; path = ApiResult.swift; sourceTree = "<group>"; };
		03E9913029B8B4D6002C0C21 /* .swiftlint.yml */ = {isa = PBXFileReference; lastKnownFileType = text.yaml; path = .swiftlint.yml; sourceTree = "<group>"; };
		9B0E855E283A85DB00114FF4 /* wakeUpThere.app */ = {isa = PBXFileReference; explicitFileType = wrapper.application; includeInIndex = 0; path = wakeUpThere.app; sourceTree = BUILT_PRODUCTS_DIR; };
		9B0E8561283A85DB00114FF4 /* wakeUpThereApp.swift */ = {isa = PBXFileReference; lastKnownFileType = sourcecode.swift; path = wakeUpThereApp.swift; sourceTree = "<group>"; };
		9B0E8565283A85E400114FF4 /* Assets.xcassets */ = {isa = PBXFileReference; lastKnownFileType = folder.assetcatalog; path = Assets.xcassets; sourceTree = "<group>"; };
		9B0E8568283A85E400114FF4 /* Preview Assets.xcassets */ = {isa = PBXFileReference; lastKnownFileType = folder.assetcatalog; path = "Preview Assets.xcassets"; sourceTree = "<group>"; };
		9B0E8577283AA5E000114FF4 /* SelectView.swift */ = {isa = PBXFileReference; lastKnownFileType = sourcecode.swift; path = SelectView.swift; sourceTree = "<group>"; };
		9B4419E02845AD5A0046FC9E /* PositionLocator.swift */ = {isa = PBXFileReference; lastKnownFileType = sourcecode.swift; path = PositionLocator.swift; sourceTree = "<group>"; };
		9B4419E22845B1F30046FC9E /* Info.plist */ = {isa = PBXFileReference; lastKnownFileType = text.plist; path = Info.plist; sourceTree = "<group>"; };
		9B49ABA52893544200F35B54 /* TextFormatter.swift */ = {isa = PBXFileReference; lastKnownFileType = sourcecode.swift; path = TextFormatter.swift; sourceTree = "<group>"; };
		9B5BEF7B286FCB2900BA6326 /* DistanceSelectionView.swift */ = {isa = PBXFileReference; lastKnownFileType = sourcecode.swift; path = DistanceSelectionView.swift; sourceTree = "<group>"; };
		9B5BEF7F2873448A00BA6326 /* NotificationController.swift */ = {isa = PBXFileReference; lastKnownFileType = sourcecode.swift; path = NotificationController.swift; sourceTree = "<group>"; };
		9B7A36E328600A76006C721F /* SuggestionView.swift */ = {isa = PBXFileReference; lastKnownFileType = sourcecode.swift; path = SuggestionView.swift; sourceTree = "<group>"; };
		9B83CF06288B880000B6C5F1 /* Enums.swift */ = {isa = PBXFileReference; lastKnownFileType = sourcecode.swift; path = Enums.swift; sourceTree = "<group>"; };
		9B8572862889A8F7008905FC /* TimerModel.swift */ = {isa = PBXFileReference; lastKnownFileType = sourcecode.swift; path = TimerModel.swift; sourceTree = "<group>"; };
		9B88E8442852DEE50015A024 /* DestinationView.swift */ = {isa = PBXFileReference; lastKnownFileType = sourcecode.swift; path = DestinationView.swift; sourceTree = "<group>"; };
		9B8F62022881084500972A3A /* FlightData.swift */ = {isa = PBXFileReference; lastKnownFileType = sourcecode.swift; path = FlightData.swift; sourceTree = "<group>"; };
		9B8F620428862B3400972A3A /* TravelModel.swift */ = {isa = PBXFileReference; lastKnownFileType = sourcecode.swift; path = TravelModel.swift; sourceTree = "<group>"; };
		9B9ED3C42856DDA90091181A /* LocationServise.swift */ = {isa = PBXFileReference; lastKnownFileType = sourcecode.swift; path = LocationServise.swift; sourceTree = "<group>"; };
		9BB35CB8284BFA3B0034FAB3 /* TransportView.swift */ = {isa = PBXFileReference; lastKnownFileType = sourcecode.swift; path = TransportView.swift; sourceTree = "<group>"; };
		9BB35CBC284C0DC90034FAB3 /* MapView.swift */ = {isa = PBXFileReference; lastKnownFileType = sourcecode.swift; path = MapView.swift; sourceTree = "<group>"; };
		9BDC6E98288AFBB3008594B0 /* AlertView.swift */ = {isa = PBXFileReference; lastKnownFileType = sourcecode.swift; path = AlertView.swift; sourceTree = "<group>"; };
		9BEFC124286DE2AD005D22AD /* SoundManager.swift */ = {isa = PBXFileReference; lastKnownFileType = sourcecode.swift; path = SoundManager.swift; sourceTree = "<group>"; };
		9BEFC127286DEE61005D22AD /* bell.mp3 */ = {isa = PBXFileReference; lastKnownFileType = audio.mp3; path = bell.mp3; sourceTree = "<group>"; };
		C57B2BDE29BB187B00A40BB1 /* Constants.swift */ = {isa = PBXFileReference; lastKnownFileType = sourcecode.swift; path = Constants.swift; sourceTree = "<group>"; };
		C581110429BBE8E100AC9036 /* BackgroundMap.swift */ = {isa = PBXFileReference; lastKnownFileType = sourcecode.swift; path = BackgroundMap.swift; sourceTree = "<group>"; };
		C5F1B47B29D657560031446D /* BackgroundMapCoordinator.swift */ = {isa = PBXFileReference; lastKnownFileType = sourcecode.swift; path = BackgroundMapCoordinator.swift; sourceTree = "<group>"; };
/* End PBXFileReference section */

/* Begin PBXFrameworksBuildPhase section */
		9B0E855B283A85DB00114FF4 /* Frameworks */ = {
			isa = PBXFrameworksBuildPhase;
			buildActionMask = 2147483647;
			files = (
			);
			runOnlyForDeploymentPostprocessing = 0;
		};
/* End PBXFrameworksBuildPhase section */

/* Begin PBXGroup section */
		03C57D8F29B8AF0000F7CD73 /* View */ = {
			isa = PBXGroup;
			children = (
				9BB35CBC284C0DC90034FAB3 /* MapView.swift */,
				9BDC6E98288AFBB3008594B0 /* AlertView.swift */,
				9B88E8442852DEE50015A024 /* DestinationView.swift */,
				9B5BEF7B286FCB2900BA6326 /* DistanceSelectionView.swift */,
				9BB35CB8284BFA3B0034FAB3 /* TransportView.swift */,
				9B7A36E328600A76006C721F /* SuggestionView.swift */,
				9B0E8577283AA5E000114FF4 /* SelectView.swift */,
			);
			path = View;
			sourceTree = "<group>";
		};
		03C57D9029B8AF1600F7CD73 /* Model */ = {
			isa = PBXGroup;
			children = (
				9B8F62022881084500972A3A /* FlightData.swift */,
				9B8F620428862B3400972A3A /* TravelModel.swift */,
				9B8572862889A8F7008905FC /* TimerModel.swift */,
				03C57D9229B8AF7D00F7CD73 /* TimeData.swift */,
				03C57D9429B8AFA200F7CD73 /* FlightTime.swift */,
				03C57D9629B8AFF300F7CD73 /* Flight.swift */,
				03C57D9829B8B00900F7CD73 /* FlightInfo.swift */,
				03C57D9A29B8B01600F7CD73 /* FlightRequest.swift */,
				03C57D9C29B8B02800F7CD73 /* ApiResult.swift */,
				C581110429BBE8E100AC9036 /* BackgroundMap.swift */,
			);
			path = Model;
			sourceTree = "<group>";
		};
		03C57D9129B8AF2800F7CD73 /* Controller */ = {
			isa = PBXGroup;
			children = (
				9B5BEF7F2873448A00BA6326 /* NotificationController.swift */,
				9BEFC124286DE2AD005D22AD /* SoundManager.swift */,
				C5F1B47B29D657560031446D /* BackgroundMapCoordinator.swift */,
			);
			path = Controller;
			sourceTree = "<group>";
		};
		9B0E8555283A85DB00114FF4 = {
			isa = PBXGroup;
			children = (
				03E9913029B8B4D6002C0C21 /* .swiftlint.yml */,
				9B0E8560283A85DB00114FF4 /* wakeUpThere */,
				9B0E855F283A85DB00114FF4 /* Products */,
			);
			sourceTree = "<group>";
		};
		9B0E855F283A85DB00114FF4 /* Products */ = {
			isa = PBXGroup;
			children = (
				9B0E855E283A85DB00114FF4 /* wakeUpThere.app */,
			);
			name = Products;
			sourceTree = "<group>";
		};
		9B0E8560283A85DB00114FF4 /* wakeUpThere */ = {
			isa = PBXGroup;
			children = (
				03C57D9129B8AF2800F7CD73 /* Controller */,
				03C57D9029B8AF1600F7CD73 /* Model */,
				03C57D8F29B8AF0000F7CD73 /* View */,
				9B4419E22845B1F30046FC9E /* Info.plist */,
				9B4419E02845AD5A0046FC9E /* PositionLocator.swift */,
				C57B2BDE29BB187B00A40BB1 /* Constants.swift */,
				9B83CF06288B880000B6C5F1 /* Enums.swift */,
				9B9ED3C42856DDA90091181A /* LocationServise.swift */,
				9B49ABA52893544200F35B54 /* TextFormatter.swift */,
				9B0E8561283A85DB00114FF4 /* wakeUpThereApp.swift */,
				9BEFC126286DE5C7005D22AD /* Sounds */,
				9B0E8565283A85E400114FF4 /* Assets.xcassets */,
				9B0E8567283A85E400114FF4 /* Preview Content */,
			);
			path = wakeUpThere;
			sourceTree = "<group>";
		};
		9B0E8567283A85E400114FF4 /* Preview Content */ = {
			isa = PBXGroup;
			children = (
				9B0E8568283A85E400114FF4 /* Preview Assets.xcassets */,
			);
			path = "Preview Content";
			sourceTree = "<group>";
		};
		9BEFC126286DE5C7005D22AD /* Sounds */ = {
			isa = PBXGroup;
			children = (
				9BEFC127286DEE61005D22AD /* bell.mp3 */,
			);
			path = Sounds;
			sourceTree = "<group>";
		};
/* End PBXGroup section */

/* Begin PBXNativeTarget section */
		9B0E855D283A85DB00114FF4 /* wakeUpThere */ = {
			isa = PBXNativeTarget;
			buildConfigurationList = 9B0E856C283A85E400114FF4 /* Build configuration list for PBXNativeTarget "wakeUpThere" */;
			buildPhases = (
				9B0E855A283A85DB00114FF4 /* Sources */,
				9B0E855B283A85DB00114FF4 /* Frameworks */,
				9B0E855C283A85DB00114FF4 /* Resources */,
				03C57DA029B8B2AC00F7CD73 /* ShellScript */,
			);
			buildRules = (
			);
			dependencies = (
			);
			name = wakeUpThere;
			productName = wakeUpThere;
			productReference = 9B0E855E283A85DB00114FF4 /* wakeUpThere.app */;
			productType = "com.apple.product-type.application";
		};
/* End PBXNativeTarget section */

/* Begin PBXProject section */
		9B0E8556283A85DB00114FF4 /* Project object */ = {
			isa = PBXProject;
			attributes = {
				BuildIndependentTargetsInParallel = 1;
				LastSwiftUpdateCheck = 1340;
				LastUpgradeCheck = 1340;
				TargetAttributes = {
					9B0E855D283A85DB00114FF4 = {
						CreatedOnToolsVersion = 13.4;
					};
				};
			};
			buildConfigurationList = 9B0E8559283A85DB00114FF4 /* Build configuration list for PBXProject "wakeUpThere" */;
			compatibilityVersion = "Xcode 13.0";
			developmentRegion = en;
			hasScannedForEncodings = 0;
			knownRegions = (
				en,
				Base,
			);
			mainGroup = 9B0E8555283A85DB00114FF4;
			productRefGroup = 9B0E855F283A85DB00114FF4 /* Products */;
			projectDirPath = "";
			projectRoot = "";
			targets = (
				9B0E855D283A85DB00114FF4 /* wakeUpThere */,
			);
		};
/* End PBXProject section */

/* Begin PBXResourcesBuildPhase section */
		9B0E855C283A85DB00114FF4 /* Resources */ = {
			isa = PBXResourcesBuildPhase;
			buildActionMask = 2147483647;
			files = (
				03E9913129B8B4D6002C0C21 /* .swiftlint.yml in Resources */,
				9B0E8569283A85E400114FF4 /* Preview Assets.xcassets in Resources */,
				9B0E8566283A85E400114FF4 /* Assets.xcassets in Resources */,
				9BEFC128286DEE61005D22AD /* bell.mp3 in Resources */,
			);
			runOnlyForDeploymentPostprocessing = 0;
		};
/* End PBXResourcesBuildPhase section */

/* Begin PBXShellScriptBuildPhase section */
		03C57DA029B8B2AC00F7CD73 /* ShellScript */ = {
			isa = PBXShellScriptBuildPhase;
			alwaysOutOfDate = 1;
			buildActionMask = 2147483647;
			files = (
			);
			inputFileListPaths = (
			);
			inputPaths = (
			);
			outputFileListPaths = (
			);
			outputPaths = (
			);
			runOnlyForDeploymentPostprocessing = 0;
			shellPath = /bin/sh;
			shellScript = "# Adds support for Apple Silicon brew directory\nexport PATH=\"$PATH:/opt/homebrew/bin\"\n\nif which swiftlint >/dev/null; then\n  swiftlint\nelse\n  echo \"warning: SwiftLint not installed, download from https://github.com/realm/SwiftLint\"\nfi\n";
		};
/* End PBXShellScriptBuildPhase section */

/* Begin PBXSourcesBuildPhase section */
		9B0E855A283A85DB00114FF4 /* Sources */ = {
			isa = PBXSourcesBuildPhase;
			buildActionMask = 2147483647;
			files = (
				03C57D9329B8AF7D00F7CD73 /* TimeData.swift in Sources */,
				9B0E8562283A85DB00114FF4 /* wakeUpThereApp.swift in Sources */,
				9B7A36E428600A76006C721F /* SuggestionView.swift in Sources */,
				03C57D9D29B8B02800F7CD73 /* ApiResult.swift in Sources */,
				9B88E8452852DEE50015A024 /* DestinationView.swift in Sources */,
				9B9ED3C52856DDAA0091181A /* LocationServise.swift in Sources */,
				9BB35CBD284C0DC90034FAB3 /* MapView.swift in Sources */,
				03C57D9729B8AFF300F7CD73 /* Flight.swift in Sources */,
				03C57D9929B8B00900F7CD73 /* FlightInfo.swift in Sources */,
				9B0E8578283AA5E000114FF4 /* SelectView.swift in Sources */,
				9B5BEF802873448A00BA6326 /* NotificationController.swift in Sources */,
				9B8F620528862B3500972A3A /* TravelModel.swift in Sources */,
				9BDC6E99288AFBB4008594B0 /* AlertView.swift in Sources */,
				9BB35CB9284BFA3C0034FAB3 /* TransportView.swift in Sources */,
				03C57D9529B8AFA200F7CD73 /* FlightTime.swift in Sources */,
				9B8F62032881084500972A3A /* FlightData.swift in Sources */,
				C581110529BBE8E100AC9036 /* BackgroundMap.swift in Sources */,
				9B4419E12845AD5B0046FC9E /* PositionLocator.swift in Sources */,
				9B8572872889A8F7008905FC /* TimerModel.swift in Sources */,
				9B5BEF7C286FCB2900BA6326 /* DistanceSelectionView.swift in Sources */,
				9B49ABA62893544300F35B54 /* TextFormatter.swift in Sources */,
				C5F1B47C29D657560031446D /* BackgroundMapCoordinator.swift in Sources */,
				9BEFC125286DE2AD005D22AD /* SoundManager.swift in Sources */,
				03C57D9B29B8B01600F7CD73 /* FlightRequest.swift in Sources */,
				9B83CF07288B880000B6C5F1 /* Enums.swift in Sources */,
				C57B2BDF29BB187B00A40BB1 /* Constants.swift in Sources */,
			);
			runOnlyForDeploymentPostprocessing = 0;
		};
/* End PBXSourcesBuildPhase section */

/* Begin XCBuildConfiguration section */
		9B0E856A283A85E400114FF4 /* Debug */ = {
			isa = XCBuildConfiguration;
			buildSettings = {
				ALWAYS_SEARCH_USER_PATHS = NO;
				CLANG_ANALYZER_NONNULL = YES;
				CLANG_ANALYZER_NUMBER_OBJECT_CONVERSION = YES_AGGRESSIVE;
				CLANG_CXX_LANGUAGE_STANDARD = "gnu++17";
				CLANG_ENABLE_MODULES = YES;
				CLANG_ENABLE_OBJC_ARC = YES;
				CLANG_ENABLE_OBJC_WEAK = YES;
				CLANG_WARN_BLOCK_CAPTURE_AUTORELEASING = YES;
				CLANG_WARN_BOOL_CONVERSION = YES;
				CLANG_WARN_COMMA = YES;
				CLANG_WARN_CONSTANT_CONVERSION = YES;
				CLANG_WARN_DEPRECATED_OBJC_IMPLEMENTATIONS = YES;
				CLANG_WARN_DIRECT_OBJC_ISA_USAGE = YES_ERROR;
				CLANG_WARN_DOCUMENTATION_COMMENTS = YES;
				CLANG_WARN_EMPTY_BODY = YES;
				CLANG_WARN_ENUM_CONVERSION = YES;
				CLANG_WARN_INFINITE_RECURSION = YES;
				CLANG_WARN_INT_CONVERSION = YES;
				CLANG_WARN_NON_LITERAL_NULL_CONVERSION = YES;
				CLANG_WARN_OBJC_IMPLICIT_RETAIN_SELF = YES;
				CLANG_WARN_OBJC_LITERAL_CONVERSION = YES;
				CLANG_WARN_OBJC_ROOT_CLASS = YES_ERROR;
				CLANG_WARN_QUOTED_INCLUDE_IN_FRAMEWORK_HEADER = YES;
				CLANG_WARN_RANGE_LOOP_ANALYSIS = YES;
				CLANG_WARN_STRICT_PROTOTYPES = YES;
				CLANG_WARN_SUSPICIOUS_MOVE = YES;
				CLANG_WARN_UNGUARDED_AVAILABILITY = YES_AGGRESSIVE;
				CLANG_WARN_UNREACHABLE_CODE = YES;
				CLANG_WARN__DUPLICATE_METHOD_MATCH = YES;
				COPY_PHASE_STRIP = NO;
				DEBUG_INFORMATION_FORMAT = dwarf;
				ENABLE_STRICT_OBJC_MSGSEND = YES;
				ENABLE_TESTABILITY = YES;
				GCC_C_LANGUAGE_STANDARD = gnu11;
				GCC_DYNAMIC_NO_PIC = NO;
				GCC_NO_COMMON_BLOCKS = YES;
				GCC_OPTIMIZATION_LEVEL = 0;
				GCC_PREPROCESSOR_DEFINITIONS = (
					"DEBUG=1",
					"$(inherited)",
				);
				GCC_WARN_64_TO_32_BIT_CONVERSION = YES;
				GCC_WARN_ABOUT_RETURN_TYPE = YES_ERROR;
				GCC_WARN_UNDECLARED_SELECTOR = YES;
				GCC_WARN_UNINITIALIZED_AUTOS = YES_AGGRESSIVE;
				GCC_WARN_UNUSED_FUNCTION = YES;
				GCC_WARN_UNUSED_VARIABLE = YES;
				IPHONEOS_DEPLOYMENT_TARGET = 15.5;
				MTL_ENABLE_DEBUG_INFO = INCLUDE_SOURCE;
				MTL_FAST_MATH = YES;
				ONLY_ACTIVE_ARCH = YES;
				SDKROOT = iphoneos;
				SWIFT_ACTIVE_COMPILATION_CONDITIONS = DEBUG;
				SWIFT_OPTIMIZATION_LEVEL = "-Onone";
			};
			name = Debug;
		};
		9B0E856B283A85E400114FF4 /* Release */ = {
			isa = XCBuildConfiguration;
			buildSettings = {
				ALWAYS_SEARCH_USER_PATHS = NO;
				CLANG_ANALYZER_NONNULL = YES;
				CLANG_ANALYZER_NUMBER_OBJECT_CONVERSION = YES_AGGRESSIVE;
				CLANG_CXX_LANGUAGE_STANDARD = "gnu++17";
				CLANG_ENABLE_MODULES = YES;
				CLANG_ENABLE_OBJC_ARC = YES;
				CLANG_ENABLE_OBJC_WEAK = YES;
				CLANG_WARN_BLOCK_CAPTURE_AUTORELEASING = YES;
				CLANG_WARN_BOOL_CONVERSION = YES;
				CLANG_WARN_COMMA = YES;
				CLANG_WARN_CONSTANT_CONVERSION = YES;
				CLANG_WARN_DEPRECATED_OBJC_IMPLEMENTATIONS = YES;
				CLANG_WARN_DIRECT_OBJC_ISA_USAGE = YES_ERROR;
				CLANG_WARN_DOCUMENTATION_COMMENTS = YES;
				CLANG_WARN_EMPTY_BODY = YES;
				CLANG_WARN_ENUM_CONVERSION = YES;
				CLANG_WARN_INFINITE_RECURSION = YES;
				CLANG_WARN_INT_CONVERSION = YES;
				CLANG_WARN_NON_LITERAL_NULL_CONVERSION = YES;
				CLANG_WARN_OBJC_IMPLICIT_RETAIN_SELF = YES;
				CLANG_WARN_OBJC_LITERAL_CONVERSION = YES;
				CLANG_WARN_OBJC_ROOT_CLASS = YES_ERROR;
				CLANG_WARN_QUOTED_INCLUDE_IN_FRAMEWORK_HEADER = YES;
				CLANG_WARN_RANGE_LOOP_ANALYSIS = YES;
				CLANG_WARN_STRICT_PROTOTYPES = YES;
				CLANG_WARN_SUSPICIOUS_MOVE = YES;
				CLANG_WARN_UNGUARDED_AVAILABILITY = YES_AGGRESSIVE;
				CLANG_WARN_UNREACHABLE_CODE = YES;
				CLANG_WARN__DUPLICATE_METHOD_MATCH = YES;
				COPY_PHASE_STRIP = NO;
				DEBUG_INFORMATION_FORMAT = "dwarf-with-dsym";
				ENABLE_NS_ASSERTIONS = NO;
				ENABLE_STRICT_OBJC_MSGSEND = YES;
				GCC_C_LANGUAGE_STANDARD = gnu11;
				GCC_NO_COMMON_BLOCKS = YES;
				GCC_WARN_64_TO_32_BIT_CONVERSION = YES;
				GCC_WARN_ABOUT_RETURN_TYPE = YES_ERROR;
				GCC_WARN_UNDECLARED_SELECTOR = YES;
				GCC_WARN_UNINITIALIZED_AUTOS = YES_AGGRESSIVE;
				GCC_WARN_UNUSED_FUNCTION = YES;
				GCC_WARN_UNUSED_VARIABLE = YES;
				IPHONEOS_DEPLOYMENT_TARGET = 15.5;
				MTL_ENABLE_DEBUG_INFO = NO;
				MTL_FAST_MATH = YES;
				SDKROOT = iphoneos;
				SWIFT_COMPILATION_MODE = wholemodule;
				SWIFT_OPTIMIZATION_LEVEL = "-O";
				VALIDATE_PRODUCT = YES;
			};
			name = Release;
		};
		9B0E856D283A85E400114FF4 /* Debug */ = {
			isa = XCBuildConfiguration;
			buildSettings = {
				ASSETCATALOG_COMPILER_APPICON_NAME = AppIcon;
				ASSETCATALOG_COMPILER_GLOBAL_ACCENT_COLOR_NAME = AccentColor;
				CODE_SIGN_IDENTITY = "Apple Development";
				CODE_SIGN_STYLE = Automatic;
				CURRENT_PROJECT_VERSION = 1;
				DEVELOPMENT_ASSET_PATHS = "\"wakeUpThere/Preview Content\"";
				DEVELOPMENT_TEAM = 5VFP4D6SX2;
				ENABLE_PREVIEWS = YES;
				GENERATE_INFOPLIST_FILE = YES;
				INFOPLIST_FILE = wakeUpThere/Info.plist;
				INFOPLIST_KEY_CFBundleDisplayName = "";
				INFOPLIST_KEY_LSApplicationCategoryType = "";
				INFOPLIST_KEY_NSLocationAlwaysAndWhenInUseUsageDescription = "This app needs access to your location to provide you with information about the remaining distance to your destination and a trigger alert at the right distance before arrival, even when it is running in the background.";
				INFOPLIST_KEY_NSLocationAlwaysUsageDescription = "This app needs access to your location to provide you with information about the remaining distance to your destination and a trigger alert at the right distance before arrival, even when it is running in the background.";
				INFOPLIST_KEY_NSLocationWhenInUseUsageDescription = "This app needs access to your location to provide you with information about the remaining distance to your destination and a trigger alert at the right distance before arrival, even when it is running in the background.";
				INFOPLIST_KEY_UIApplicationSceneManifest_Generation = YES;
				INFOPLIST_KEY_UIApplicationSupportsIndirectInputEvents = YES;
				INFOPLIST_KEY_UILaunchScreen_Generation = YES;
				INFOPLIST_KEY_UISupportedInterfaceOrientations = UIInterfaceOrientationPortrait;
				INFOPLIST_KEY_UISupportedInterfaceOrientations_iPad = "UIInterfaceOrientationPortrait UIInterfaceOrientationPortraitUpsideDown UIInterfaceOrientationLandscapeLeft UIInterfaceOrientationLandscapeRight";
				INFOPLIST_KEY_UISupportedInterfaceOrientations_iPhone = "UIInterfaceOrientationPortrait UIInterfaceOrientationLandscapeLeft UIInterfaceOrientationLandscapeRight";
				LD_RUNPATH_SEARCH_PATHS = (
					"$(inherited)",
					"@executable_path/Frameworks",
				);
				MARKETING_VERSION = 1.0;
				PRODUCT_BUNDLE_IDENTIFIER = edu.truman.kosc.wakeUpThere;
				PRODUCT_NAME = "$(TARGET_NAME)";
				PROVISIONING_PROFILE_SPECIFIER = "";
				SWIFT_EMIT_LOC_STRINGS = YES;
				SWIFT_VERSION = 5.0;
				TARGETED_DEVICE_FAMILY = "1,2";
			};
			name = Debug;
		};
		9B0E856E283A85E400114FF4 /* Release */ = {
			isa = XCBuildConfiguration;
			buildSettings = {
				ASSETCATALOG_COMPILER_APPICON_NAME = AppIcon;
				ASSETCATALOG_COMPILER_GLOBAL_ACCENT_COLOR_NAME = AccentColor;
				CODE_SIGN_IDENTITY = "iPhone Distribution";
				CODE_SIGN_STYLE = Manual;
				CURRENT_PROJECT_VERSION = 1;
				DEVELOPMENT_ASSET_PATHS = "\"wakeUpThere/Preview Content\"";
				DEVELOPMENT_TEAM = 5VFP4D6SX2;
				ENABLE_PREVIEWS = YES;
				GENERATE_INFOPLIST_FILE = YES;
				INFOPLIST_FILE = wakeUpThere/Info.plist;
				INFOPLIST_KEY_CFBundleDisplayName = "";
				INFOPLIST_KEY_LSApplicationCategoryType = "";
				INFOPLIST_KEY_NSLocationAlwaysAndWhenInUseUsageDescription = "This app needs access to your location to provide you with information about the remaining distance to your destination and a trigger alert at the right distance before arrival, even when it is running in the background.";
				INFOPLIST_KEY_NSLocationAlwaysUsageDescription = "This app needs access to your location to provide you with information about the remaining distance to your destination and a trigger alert at the right distance before arrival, even when it is running in the background.";
				INFOPLIST_KEY_NSLocationWhenInUseUsageDescription = "This app needs access to your location to provide you with information about the remaining distance to your destination and a trigger alert at the right distance before arrival, even when it is running in the background.";
				INFOPLIST_KEY_UIApplicationSceneManifest_Generation = YES;
				INFOPLIST_KEY_UIApplicationSupportsIndirectInputEvents = YES;
				INFOPLIST_KEY_UILaunchScreen_Generation = YES;
				INFOPLIST_KEY_UISupportedInterfaceOrientations = UIInterfaceOrientationPortrait;
				INFOPLIST_KEY_UISupportedInterfaceOrientations_iPad = "UIInterfaceOrientationPortrait UIInterfaceOrientationPortraitUpsideDown UIInterfaceOrientationLandscapeLeft UIInterfaceOrientationLandscapeRight";
				INFOPLIST_KEY_UISupportedInterfaceOrientations_iPhone = "UIInterfaceOrientationPortrait UIInterfaceOrientationLandscapeLeft UIInterfaceOrientationLandscapeRight";
				LD_RUNPATH_SEARCH_PATHS = (
					"$(inherited)",
					"@executable_path/Frameworks",
				);
				MARKETING_VERSION = 1.0;
				PRODUCT_BUNDLE_IDENTIFIER = edu.truman.kosc.wakeUpThere;
				PRODUCT_NAME = "$(TARGET_NAME)";
				PROVISIONING_PROFILE_SPECIFIER = "WUT App Store";
				SWIFT_EMIT_LOC_STRINGS = YES;
				SWIFT_VERSION = 5.0;
				TARGETED_DEVICE_FAMILY = "1,2";
			};
			name = Release;
		};
/* End XCBuildConfiguration section */

/* Begin XCConfigurationList section */
		9B0E8559283A85DB00114FF4 /* Build configuration list for PBXProject "wakeUpThere" */ = {
			isa = XCConfigurationList;
			buildConfigurations = (
				9B0E856A283A85E400114FF4 /* Debug */,
				9B0E856B283A85E400114FF4 /* Release */,
			);
			defaultConfigurationIsVisible = 0;
			defaultConfigurationName = Release;
		};
		9B0E856C283A85E400114FF4 /* Build configuration list for PBXNativeTarget "wakeUpThere" */ = {
			isa = XCConfigurationList;
			buildConfigurations = (
				9B0E856D283A85E400114FF4 /* Debug */,
				9B0E856E283A85E400114FF4 /* Release */,
			);
			defaultConfigurationIsVisible = 0;
			defaultConfigurationName = Release;
		};
/* End XCConfigurationList section */
	};
	rootObject = 9B0E8556283A85DB00114FF4 /* Project object */;
}
