// !$*UTF8*$!
{
	archiveVersion = 1;
	classes = {
	};
	objectVersion = 55;
	objects = {

/* Begin PBXBuildFile section */
		9B0E8562283A85DB00114FF4 /* wakeUpThereApp.swift in Sources */ = {isa = PBXBuildFile; fileRef = 9B0E8561283A85DB00114FF4 /* wakeUpThereApp.swift */; };
		9B0E8566283A85E400114FF4 /* Assets.xcassets in Resources */ = {isa = PBXBuildFile; fileRef = 9B0E8565283A85E400114FF4 /* Assets.xcassets */; };
		9B0E8569283A85E400114FF4 /* Preview Assets.xcassets in Resources */ = {isa = PBXBuildFile; fileRef = 9B0E8568283A85E400114FF4 /* Preview Assets.xcassets */; };
		9B0E8578283AA5E000114FF4 /* SelectView.swift in Sources */ = {isa = PBXBuildFile; fileRef = 9B0E8577283AA5E000114FF4 /* SelectView.swift */; };
		9B4419E12845AD5B0046FC9E /* MapViewModel.swift in Sources */ = {isa = PBXBuildFile; fileRef = 9B4419E02845AD5A0046FC9E /* MapViewModel.swift */; };
		9B88E8452852DEE50015A024 /* DestinationView.swift in Sources */ = {isa = PBXBuildFile; fileRef = 9B88E8442852DEE50015A024 /* DestinationView.swift */; };
		9B9ED3C52856DDAA0091181A /* LocationServise.swift in Sources */ = {isa = PBXBuildFile; fileRef = 9B9ED3C42856DDA90091181A /* LocationServise.swift */; };
		9BB35CB9284BFA3C0034FAB3 /* TransportView.swift in Sources */ = {isa = PBXBuildFile; fileRef = 9BB35CB8284BFA3B0034FAB3 /* TransportView.swift */; };
		9BB35CBB284BFB570034FAB3 /* Transport.swift in Sources */ = {isa = PBXBuildFile; fileRef = 9BB35CBA284BFB570034FAB3 /* Transport.swift */; };
		9BB35CBD284C0DC90034FAB3 /* MapView.swift in Sources */ = {isa = PBXBuildFile; fileRef = 9BB35CBC284C0DC90034FAB3 /* MapView.swift */; };
/* End PBXBuildFile section */

/* Begin PBXFileReference section */
		9B0E855E283A85DB00114FF4 /* wakeUpThere.app */ = {isa = PBXFileReference; explicitFileType = wrapper.application; includeInIndex = 0; path = wakeUpThere.app; sourceTree = BUILT_PRODUCTS_DIR; };
		9B0E8561283A85DB00114FF4 /* wakeUpThereApp.swift */ = {isa = PBXFileReference; lastKnownFileType = sourcecode.swift; path = wakeUpThereApp.swift; sourceTree = "<group>"; };
		9B0E8565283A85E400114FF4 /* Assets.xcassets */ = {isa = PBXFileReference; lastKnownFileType = folder.assetcatalog; path = Assets.xcassets; sourceTree = "<group>"; };
		9B0E8568283A85E400114FF4 /* Preview Assets.xcassets */ = {isa = PBXFileReference; lastKnownFileType = folder.assetcatalog; path = "Preview Assets.xcassets"; sourceTree = "<group>"; };
		9B0E8577283AA5E000114FF4 /* SelectView.swift */ = {isa = PBXFileReference; lastKnownFileType = sourcecode.swift; path = SelectView.swift; sourceTree = "<group>"; };
		9B4419E02845AD5A0046FC9E /* MapViewModel.swift */ = {isa = PBXFileReference; lastKnownFileType = sourcecode.swift; path = MapViewModel.swift; sourceTree = "<group>"; };
		9B4419E22845B1F30046FC9E /* Info.plist */ = {isa = PBXFileReference; lastKnownFileType = text.plist; path = Info.plist; sourceTree = "<group>"; };
		9B88E8442852DEE50015A024 /* DestinationView.swift */ = {isa = PBXFileReference; lastKnownFileType = sourcecode.swift; path = DestinationView.swift; sourceTree = "<group>"; };
		9B9ED3C42856DDA90091181A /* LocationServise.swift */ = {isa = PBXFileReference; lastKnownFileType = sourcecode.swift; path = LocationServise.swift; sourceTree = "<group>"; };
		9BB35CB8284BFA3B0034FAB3 /* TransportView.swift */ = {isa = PBXFileReference; lastKnownFileType = sourcecode.swift; path = TransportView.swift; sourceTree = "<group>"; };
		9BB35CBA284BFB570034FAB3 /* Transport.swift */ = {isa = PBXFileReference; lastKnownFileType = sourcecode.swift; path = Transport.swift; sourceTree = "<group>"; };
		9BB35CBC284C0DC90034FAB3 /* MapView.swift */ = {isa = PBXFileReference; lastKnownFileType = sourcecode.swift; path = MapView.swift; sourceTree = "<group>"; };
/* End PBXFileReference section */

/* Begin PBXFrameworksBuildPhase section */
		9B0E855B283A85DB00114FF4 /* Frameworks */ = {
			isa = PBXFrameworksBuildPhase;
			buildActionMask = 2147483647;
			files = (
			);
			runOnlyForDeploymentPostprocessing = 0;
		};
/* End PBXFrameworksBuildPhase section */

/* Begin PBXGroup section */
		9B0E8555283A85DB00114FF4 = {
			isa = PBXGroup;
			children = (
				9B0E8560283A85DB00114FF4 /* wakeUpThere */,
				9B0E855F283A85DB00114FF4 /* Products */,
			);
			sourceTree = "<group>";
		};
		9B0E855F283A85DB00114FF4 /* Products */ = {
			isa = PBXGroup;
			children = (
				9B0E855E283A85DB00114FF4 /* wakeUpThere.app */,
			);
			name = Products;
			sourceTree = "<group>";
		};
		9B0E8560283A85DB00114FF4 /* wakeUpThere */ = {
			isa = PBXGroup;
			children = (
				9B4419E22845B1F30046FC9E /* Info.plist */,
				9B0E8561283A85DB00114FF4 /* wakeUpThereApp.swift */,
				9B0E8577283AA5E000114FF4 /* SelectView.swift */,
				9B9ED3C42856DDA90091181A /* LocationServise.swift */,
				9B88E8442852DEE50015A024 /* DestinationView.swift */,
				9BB35CB8284BFA3B0034FAB3 /* TransportView.swift */,
				9BB35CBA284BFB570034FAB3 /* Transport.swift */,
				9B4419E02845AD5A0046FC9E /* MapViewModel.swift */,
				9BB35CBC284C0DC90034FAB3 /* MapView.swift */,
				9B0E8565283A85E400114FF4 /* Assets.xcassets */,
				9B0E8567283A85E400114FF4 /* Preview Content */,
			);
			path = wakeUpThere;
			sourceTree = "<group>";
		};
		9B0E8567283A85E400114FF4 /* Preview Content */ = {
			isa = PBXGroup;
			children = (
				9B0E8568283A85E400114FF4 /* Preview Assets.xcassets */,
			);
			path = "Preview Content";
			sourceTree = "<group>";
		};
/* End PBXGroup section */

/* Begin PBXNativeTarget section */
		9B0E855D283A85DB00114FF4 /* wakeUpThere */ = {
			isa = PBXNativeTarget;
			buildConfigurationList = 9B0E856C283A85E400114FF4 /* Build configuration list for PBXNativeTarget "wakeUpThere" */;
			buildPhases = (
				9B0E855A283A85DB00114FF4 /* Sources */,
				9B0E855B283A85DB00114FF4 /* Frameworks */,
				9B0E855C283A85DB00114FF4 /* Resources */,
			);
			buildRules = (
			);
			dependencies = (
			);
			name = wakeUpThere;
			productName = wakeUpThere;
			productReference = 9B0E855E283A85DB00114FF4 /* wakeUpThere.app */;
			productType = "com.apple.product-type.application";
		};
/* End PBXNativeTarget section */

/* Begin PBXProject section */
		9B0E8556283A85DB00114FF4 /* Project object */ = {
			isa = PBXProject;
			attributes = {
				BuildIndependentTargetsInParallel = 1;
				LastSwiftUpdateCheck = 1340;
				LastUpgradeCheck = 1340;
				TargetAttributes = {
					9B0E855D283A85DB00114FF4 = {
						CreatedOnToolsVersion = 13.4;
					};
				};
			};
			buildConfigurationList = 9B0E8559283A85DB00114FF4 /* Build configuration list for PBXProject "wakeUpThere" */;
			compatibilityVersion = "Xcode 13.0";
			developmentRegion = en;
			hasScannedForEncodings = 0;
			knownRegions = (
				en,
				Base,
			);
			mainGroup = 9B0E8555283A85DB00114FF4;
			productRefGroup = 9B0E855F283A85DB00114FF4 /* Products */;
			projectDirPath = "";
			projectRoot = "";
			targets = (
				9B0E855D283A85DB00114FF4 /* wakeUpThere */,
			);
		};
/* End PBXProject section */

/* Begin PBXResourcesBuildPhase section */
		9B0E855C283A85DB00114FF4 /* Resources */ = {
			isa = PBXResourcesBuildPhase;
			buildActionMask = 2147483647;
			files = (
				9B0E8569283A85E400114FF4 /* Preview Assets.xcassets in Resources */,
				9B0E8566283A85E400114FF4 /* Assets.xcassets in Resources */,
			);
			runOnlyForDeploymentPostprocessing = 0;
		};
/* End PBXResourcesBuildPhase section */

/* Begin PBXSourcesBuildPhase section */
		9B0E855A283A85DB00114FF4 /* Sources */ = {
			isa = PBXSourcesBuildPhase;
			buildActionMask = 2147483647;
			files = (
				9B0E8562283A85DB00114FF4 /* wakeUpThereApp.swift in Sources */,
				9B88E8452852DEE50015A024 /* DestinationView.swift in Sources */,
				9B9ED3C52856DDAA0091181A /* LocationServise.swift in Sources */,
				9BB35CBD284C0DC90034FAB3 /* MapView.swift in Sources */,
				9B0E8578283AA5E000114FF4 /* SelectView.swift in Sources */,
				9BB35CBB284BFB570034FAB3 /* Transport.swift in Sources */,
				9BB35CB9284BFA3C0034FAB3 /* TransportView.swift in Sources */,
				9B4419E12845AD5B0046FC9E /* MapViewModel.swift in Sources */,
			);
			runOnlyForDeploymentPostprocessing = 0;
		};
/* End PBXSourcesBuildPhase section */

/* Begin XCBuildConfiguration section */
		9B0E856A283A85E400114FF4 /* Debug */ = {
			isa = XCBuildConfiguration;
			buildSettings = {
				ALWAYS_SEARCH_USER_PATHS = NO;
				CLANG_ANALYZER_NONNULL = YES;
				CLANG_ANALYZER_NUMBER_OBJECT_CONVERSION = YES_AGGRESSIVE;
				CLANG_CXX_LANGUAGE_STANDARD = "gnu++17";
				CLANG_ENABLE_MODULES = YES;
				CLANG_ENABLE_OBJC_ARC = YES;
				CLANG_ENABLE_OBJC_WEAK = YES;
				CLANG_WARN_BLOCK_CAPTURE_AUTORELEASING = YES;
				CLANG_WARN_BOOL_CONVERSION = YES;
				CLANG_WARN_COMMA = YES;
				CLANG_WARN_CONSTANT_CONVERSION = YES;
				CLANG_WARN_DEPRECATED_OBJC_IMPLEMENTATIONS = YES;
				CLANG_WARN_DIRECT_OBJC_ISA_USAGE = YES_ERROR;
				CLANG_WARN_DOCUMENTATION_COMMENTS = YES;
				CLANG_WARN_EMPTY_BODY = YES;
				CLANG_WARN_ENUM_CONVERSION = YES;
				CLANG_WARN_INFINITE_RECURSION = YES;
				CLANG_WARN_INT_CONVERSION = YES;
				CLANG_WARN_NON_LITERAL_NULL_CONVERSION = YES;
				CLANG_WARN_OBJC_IMPLICIT_RETAIN_SELF = YES;
				CLANG_WARN_OBJC_LITERAL_CONVERSION = YES;
				CLANG_WARN_OBJC_ROOT_CLASS = YES_ERROR;
				CLANG_WARN_QUOTED_INCLUDE_IN_FRAMEWORK_HEADER = YES;
				CLANG_WARN_RANGE_LOOP_ANALYSIS = YES;
				CLANG_WARN_STRICT_PROTOTYPES = YES;
				CLANG_WARN_SUSPICIOUS_MOVE = YES;
				CLANG_WARN_UNGUARDED_AVAILABILITY = YES_AGGRESSIVE;
				CLANG_WARN_UNREACHABLE_CODE = YES;
				CLANG_WARN__DUPLICATE_METHOD_MATCH = YES;
				COPY_PHASE_STRIP = NO;
				DEBUG_INFORMATION_FORMAT = dwarf;
				ENABLE_STRICT_OBJC_MSGSEND = YES;
				ENABLE_TESTABILITY = YES;
				GCC_C_LANGUAGE_STANDARD = gnu11;
				GCC_DYNAMIC_NO_PIC = NO;
				GCC_NO_COMMON_BLOCKS = YES;
				GCC_OPTIMIZATION_LEVEL = 0;
				GCC_PREPROCESSOR_DEFINITIONS = (
					"DEBUG=1",
					"$(inherited)",
				);
				GCC_WARN_64_TO_32_BIT_CONVERSION = YES;
				GCC_WARN_ABOUT_RETURN_TYPE = YES_ERROR;
				GCC_WARN_UNDECLARED_SELECTOR = YES;
				GCC_WARN_UNINITIALIZED_AUTOS = YES_AGGRESSIVE;
				GCC_WARN_UNUSED_FUNCTION = YES;
				GCC_WARN_UNUSED_VARIABLE = YES;
				IPHONEOS_DEPLOYMENT_TARGET = 15.5;
				MTL_ENABLE_DEBUG_INFO = INCLUDE_SOURCE;
				MTL_FAST_MATH = YES;
				ONLY_ACTIVE_ARCH = YES;
				SDKROOT = iphoneos;
				SWIFT_ACTIVE_COMPILATION_CONDITIONS = DEBUG;
				SWIFT_OPTIMIZATION_LEVEL = "-Onone";
			};
			name = Debug;
		};
		9B0E856B283A85E400114FF4 /* Release */ = {
			isa = XCBuildConfiguration;
			buildSettings = {
				ALWAYS_SEARCH_USER_PATHS = NO;
				CLANG_ANALYZER_NONNULL = YES;
				CLANG_ANALYZER_NUMBER_OBJECT_CONVERSION = YES_AGGRESSIVE;
				CLANG_CXX_LANGUAGE_STANDARD = "gnu++17";
				CLANG_ENABLE_MODULES = YES;
				CLANG_ENABLE_OBJC_ARC = YES;
				CLANG_ENABLE_OBJC_WEAK = YES;
				CLANG_WARN_BLOCK_CAPTURE_AUTORELEASING = YES;
				CLANG_WARN_BOOL_CONVERSION = YES;
				CLANG_WARN_COMMA = YES;
				CLANG_WARN_CONSTANT_CONVERSION = YES;
				CLANG_WARN_DEPRECATED_OBJC_IMPLEMENTATIONS = YES;
				CLANG_WARN_DIRECT_OBJC_ISA_USAGE = YES_ERROR;
				CLANG_WARN_DOCUMENTATION_COMMENTS = YES;
				CLANG_WARN_EMPTY_BODY = YES;
				CLANG_WARN_ENUM_CONVERSION = YES;
				CLANG_WARN_INFINITE_RECURSION = YES;
				CLANG_WARN_INT_CONVERSION = YES;
				CLANG_WARN_NON_LITERAL_NULL_CONVERSION = YES;
				CLANG_WARN_OBJC_IMPLICIT_RETAIN_SELF = YES;
				CLANG_WARN_OBJC_LITERAL_CONVERSION = YES;
				CLANG_WARN_OBJC_ROOT_CLASS = YES_ERROR;
				CLANG_WARN_QUOTED_INCLUDE_IN_FRAMEWORK_HEADER = YES;
				CLANG_WARN_RANGE_LOOP_ANALYSIS = YES;
				CLANG_WARN_STRICT_PROTOTYPES = YES;
				CLANG_WARN_SUSPICIOUS_MOVE = YES;
				CLANG_WARN_UNGUARDED_AVAILABILITY = YES_AGGRESSIVE;
				CLANG_WARN_UNREACHABLE_CODE = YES;
				CLANG_WARN__DUPLICATE_METHOD_MATCH = YES;
				COPY_PHASE_STRIP = NO;
				DEBUG_INFORMATION_FORMAT = "dwarf-with-dsym";
				ENABLE_NS_ASSERTIONS = NO;
				ENABLE_STRICT_OBJC_MSGSEND = YES;
				GCC_C_LANGUAGE_STANDARD = gnu11;
				GCC_NO_COMMON_BLOCKS = YES;
				GCC_WARN_64_TO_32_BIT_CONVERSION = YES;
				GCC_WARN_ABOUT_RETURN_TYPE = YES_ERROR;
				GCC_WARN_UNDECLARED_SELECTOR = YES;
				GCC_WARN_UNINITIALIZED_AUTOS = YES_AGGRESSIVE;
				GCC_WARN_UNUSED_FUNCTION = YES;
				GCC_WARN_UNUSED_VARIABLE = YES;
				IPHONEOS_DEPLOYMENT_TARGET = 15.5;
				MTL_ENABLE_DEBUG_INFO = NO;
				MTL_FAST_MATH = YES;
				SDKROOT = iphoneos;
				SWIFT_COMPILATION_MODE = wholemodule;
				SWIFT_OPTIMIZATION_LEVEL = "-O";
				VALIDATE_PRODUCT = YES;
			};
			name = Release;
		};
		9B0E856D283A85E400114FF4 /* Debug */ = {
			isa = XCBuildConfiguration;
			buildSettings = {
				ASSETCATALOG_COMPILER_APPICON_NAME = AppIcon;
				ASSETCATALOG_COMPILER_GLOBAL_ACCENT_COLOR_NAME = AccentColor;
				CODE_SIGN_STYLE = Automatic;
				CURRENT_PROJECT_VERSION = 1;
				DEVELOPMENT_ASSET_PATHS = "\"wakeUpThere/Preview Content\"";
				DEVELOPMENT_TEAM = 5VFP4D6SX2;
				ENABLE_PREVIEWS = YES;
				GENERATE_INFOPLIST_FILE = YES;
				INFOPLIST_FILE = wakeUpThere/Info.plist;
				INFOPLIST_KEY_CFBundleDisplayName = "";
				INFOPLIST_KEY_LSApplicationCategoryType = "";
				INFOPLIST_KEY_NSLocationAlwaysAndWhenInUseUsageDescription = "This app need your location data.";
				INFOPLIST_KEY_NSLocationAlwaysUsageDescription = "This app always need your location to work.";
				INFOPLIST_KEY_NSLocationWhenInUseUsageDescription = "This app need your location to work.";
				INFOPLIST_KEY_UIApplicationSceneManifest_Generation = YES;
				INFOPLIST_KEY_UIApplicationSupportsIndirectInputEvents = YES;
				INFOPLIST_KEY_UILaunchScreen_Generation = YES;
				INFOPLIST_KEY_UISupportedInterfaceOrientations_iPad = "UIInterfaceOrientationPortrait UIInterfaceOrientationPortraitUpsideDown UIInterfaceOrientationLandscapeLeft UIInterfaceOrientationLandscapeRight";
				INFOPLIST_KEY_UISupportedInterfaceOrientations_iPhone = "UIInterfaceOrientationPortrait UIInterfaceOrientationLandscapeLeft UIInterfaceOrientationLandscapeRight";
				LD_RUNPATH_SEARCH_PATHS = (
					"$(inherited)",
					"@executable_path/Frameworks",
				);
				MARKETING_VERSION = 1.0;
				PRODUCT_BUNDLE_IDENTIFIER = edu.truman.kosc.wakeUpThere;
				PRODUCT_NAME = "$(TARGET_NAME)";
				SWIFT_EMIT_LOC_STRINGS = YES;
				SWIFT_VERSION = 5.0;
				TARGETED_DEVICE_FAMILY = "1,2";
			};
			name = Debug;
		};
		9B0E856E283A85E400114FF4 /* Release */ = {
			isa = XCBuildConfiguration;
			buildSettings = {
				ASSETCATALOG_COMPILER_APPICON_NAME = AppIcon;
				ASSETCATALOG_COMPILER_GLOBAL_ACCENT_COLOR_NAME = AccentColor;
				CODE_SIGN_STYLE = Automatic;
				CURRENT_PROJECT_VERSION = 1;
				DEVELOPMENT_ASSET_PATHS = "\"wakeUpThere/Preview Content\"";
				DEVELOPMENT_TEAM = 5VFP4D6SX2;
				ENABLE_PREVIEWS = YES;
				GENERATE_INFOPLIST_FILE = YES;
				INFOPLIST_FILE = wakeUpThere/Info.plist;
				INFOPLIST_KEY_CFBundleDisplayName = "";
				INFOPLIST_KEY_LSApplicationCategoryType = "";
				INFOPLIST_KEY_NSLocationAlwaysAndWhenInUseUsageDescription = "This app need your location data.";
				INFOPLIST_KEY_NSLocationAlwaysUsageDescription = "This app always need your location to work.";
				INFOPLIST_KEY_NSLocationWhenInUseUsageDescription = "This app need your location to work.";
				INFOPLIST_KEY_UIApplicationSceneManifest_Generation = YES;
				INFOPLIST_KEY_UIApplicationSupportsIndirectInputEvents = YES;
				INFOPLIST_KEY_UILaunchScreen_Generation = YES;
				INFOPLIST_KEY_UISupportedInterfaceOrientations_iPad = "UIInterfaceOrientationPortrait UIInterfaceOrientationPortraitUpsideDown UIInterfaceOrientationLandscapeLeft UIInterfaceOrientationLandscapeRight";
				INFOPLIST_KEY_UISupportedInterfaceOrientations_iPhone = "UIInterfaceOrientationPortrait UIInterfaceOrientationLandscapeLeft UIInterfaceOrientationLandscapeRight";
				LD_RUNPATH_SEARCH_PATHS = (
					"$(inherited)",
					"@executable_path/Frameworks",
				);
				MARKETING_VERSION = 1.0;
				PRODUCT_BUNDLE_IDENTIFIER = edu.truman.kosc.wakeUpThere;
				PRODUCT_NAME = "$(TARGET_NAME)";
				SWIFT_EMIT_LOC_STRINGS = YES;
				SWIFT_VERSION = 5.0;
				TARGETED_DEVICE_FAMILY = "1,2";
			};
			name = Release;
		};
/* End XCBuildConfiguration section */

/* Begin XCConfigurationList section */
		9B0E8559283A85DB00114FF4 /* Build configuration list for PBXProject "wakeUpThere" */ = {
			isa = XCConfigurationList;
			buildConfigurations = (
				9B0E856A283A85E400114FF4 /* Debug */,
				9B0E856B283A85E400114FF4 /* Release */,
			);
			defaultConfigurationIsVisible = 0;
			defaultConfigurationName = Release;
		};
		9B0E856C283A85E400114FF4 /* Build configuration list for PBXNativeTarget "wakeUpThere" */ = {
			isa = XCConfigurationList;
			buildConfigurations = (
				9B0E856D283A85E400114FF4 /* Debug */,
				9B0E856E283A85E400114FF4 /* Release */,
			);
			defaultConfigurationIsVisible = 0;
			defaultConfigurationName = Release;
		};
/* End XCConfigurationList section */
	};
	rootObject = 9B0E8556283A85DB00114FF4 /* Project object */;
}
